// !$*UTF8*$!
{
	archiveVersion = 1;
	classes = {
	};
	objectVersion = 48;
	objects = {

/* Begin PBXBuildFile section */
		A551ECD92056B14F0054D1BB /* AppDelegate.m in Sources */ = {isa = PBXBuildFile; fileRef = A551ECD82056B14F0054D1BB /* AppDelegate.m */; };
		A551ECDC2056B14F0054D1BB /* ViewController.m in Sources */ = {isa = PBXBuildFile; fileRef = A551ECDB2056B14F0054D1BB /* ViewController.m */; };
		A551ECDF2056B14F0054D1BB /* Main.storyboard in Resources */ = {isa = PBXBuildFile; fileRef = A551ECDD2056B14F0054D1BB /* Main.storyboard */; };
		A551ECE12056B14F0054D1BB /* Assets.xcassets in Resources */ = {isa = PBXBuildFile; fileRef = A551ECE02056B14F0054D1BB /* Assets.xcassets */; };
		A551ECE42056B14F0054D1BB /* LaunchScreen.storyboard in Resources */ = {isa = PBXBuildFile; fileRef = A551ECE22056B14F0054D1BB /* LaunchScreen.storyboard */; };
		A551ECE72056B14F0054D1BB /* main.m in Sources */ = {isa = PBXBuildFile; fileRef = A551ECE62056B14F0054D1BB /* main.m */; };
		A55D6B612056B9C30095B542 /* CTMediator+B.m in Sources */ = {isa = PBXBuildFile; fileRef = A55D6B602056B9C30095B542 /* CTMediator+B.m */; };
		ABF7FB7870CA8ED15CE8DDE4 /* libPods-B_Category.a in Frameworks */ = {isa = PBXBuildFile; fileRef = 72E56AA5B00E0F9AECD49B46 /* libPods-B_Category.a */; };
/* End PBXBuildFile section */

/* Begin PBXFileReference section */
		0B1B4F28AFCC602A3526613C /* Pods-B_Category.release.xcconfig */ = {isa = PBXFileReference; includeInIndex = 1; lastKnownFileType = text.xcconfig; name = "Pods-B_Category.release.xcconfig"; path = "Pods/Target Support Files/Pods-B_Category/Pods-B_Category.release.xcconfig"; sourceTree = "<group>"; };
		72E56AA5B00E0F9AECD49B46 /* libPods-B_Category.a */ = {isa = PBXFileReference; explicitFileType = archive.ar; includeInIndex = 0; path = "libPods-B_Category.a"; sourceTree = BUILT_PRODUCTS_DIR; };
		A551ECD42056B14F0054D1BB /* B_Category.app */ = {isa = PBXFileReference; explicitFileType = wrapper.application; includeInIndex = 0; path = B_Category.app; sourceTree = BUILT_PRODUCTS_DIR; };
		A551ECD72056B14F0054D1BB /* AppDelegate.h */ = {isa = PBXFileReference; lastKnownFileType = sourcecode.c.h; path = AppDelegate.h; sourceTree = "<group>"; };
		A551ECD82056B14F0054D1BB /* AppDelegate.m */ = {isa = PBXFileReference; lastKnownFileType = sourcecode.c.objc; path = AppDelegate.m; sourceTree = "<group>"; };
		A551ECDA2056B14F0054D1BB /* ViewController.h */ = {isa = PBXFileReference; lastKnownFileType = sourcecode.c.h; path = ViewController.h; sourceTree = "<group>"; };
		A551ECDB2056B14F0054D1BB /* ViewController.m */ = {isa = PBXFileReference; lastKnownFileType = sourcecode.c.objc; path = ViewController.m; sourceTree = "<group>"; };
		A551ECDE2056B14F0054D1BB /* Base */ = {isa = PBXFileReference; lastKnownFileType = file.storyboard; name = Base; path = Base.lproj/Main.storyboard; sourceTree = "<group>"; };
		A551ECE02056B14F0054D1BB /* Assets.xcassets */ = {isa = PBXFileReference; lastKnownFileType = folder.assetcatalog; path = Assets.xcassets; sourceTree = "<group>"; };
		A551ECE32056B14F0054D1BB /* Base */ = {isa = PBXFileReference; lastKnownFileType = file.storyboard; name = Base; path = Base.lproj/LaunchScreen.storyboard; sourceTree = "<group>"; };
		A551ECE52056B14F0054D1BB /* Info.plist */ = {isa = PBXFileReference; lastKnownFileType = text.plist.xml; path = Info.plist; sourceTree = "<group>"; };
		A551ECE62056B14F0054D1BB /* main.m */ = {isa = PBXFileReference; lastKnownFileType = sourcecode.c.objc; path = main.m; sourceTree = "<group>"; };
		A55D6B5F2056B9C30095B542 /* CTMediator+B.h */ = {isa = PBXFileReference; lastKnownFileType = sourcecode.c.h; path = "CTMediator+B.h"; sourceTree = "<group>"; };
		A55D6B602056B9C30095B542 /* CTMediator+B.m */ = {isa = PBXFileReference; lastKnownFileType = sourcecode.c.objc; path = "CTMediator+B.m"; sourceTree = "<group>"; };
		AF21A7AE0EDBD58B1D125A6D /* Pods-B_Category.debug.xcconfig */ = {isa = PBXFileReference; includeInIndex = 1; lastKnownFileType = text.xcconfig; name = "Pods-B_Category.debug.xcconfig"; path = "Pods/Target Support Files/Pods-B_Category/Pods-B_Category.debug.xcconfig"; sourceTree = "<group>"; };
/* End PBXFileReference section */

/* Begin PBXFrameworksBuildPhase section */
		A551ECD12056B14F0054D1BB /* Frameworks */ = {
			isa = PBXFrameworksBuildPhase;
			buildActionMask = 2147483647;
			files = (
				ABF7FB7870CA8ED15CE8DDE4 /* libPods-B_Category.a in Frameworks */,
			);
			runOnlyForDeploymentPostprocessing = 0;
		};
/* End PBXFrameworksBuildPhase section */

/* Begin PBXGroup section */
		2CAC93BD32A8D10BF8B7664B /* Frameworks */ = {
			isa = PBXGroup;
			children = (
				72E56AA5B00E0F9AECD49B46 /* libPods-B_Category.a */,
			);
			name = Frameworks;
			sourceTree = "<group>";
		};
		9C322DD5DF07CB46FE16E244 /* Pods */ = {
			isa = PBXGroup;
			children = (
				AF21A7AE0EDBD58B1D125A6D /* Pods-B_Category.debug.xcconfig */,
				0B1B4F28AFCC602A3526613C /* Pods-B_Category.release.xcconfig */,
			);
			name = Pods;
			sourceTree = "<group>";
		};
		A551ECCB2056B14F0054D1BB = {
			isa = PBXGroup;
			children = (
				A551ECD62056B14F0054D1BB /* B_Category */,
				A551ECD52056B14F0054D1BB /* Products */,
				9C322DD5DF07CB46FE16E244 /* Pods */,
				2CAC93BD32A8D10BF8B7664B /* Frameworks */,
			);
			sourceTree = "<group>";
		};
		A551ECD52056B14F0054D1BB /* Products */ = {
			isa = PBXGroup;
			children = (
				A551ECD42056B14F0054D1BB /* B_Category.app */,
			);
			name = Products;
			sourceTree = "<group>";
		};
		A551ECD62056B14F0054D1BB /* B_Category */ = {
			isa = PBXGroup;
			children = (
				A551ECED2056B2210054D1BB /* B_Category */,
				A551ECD72056B14F0054D1BB /* AppDelegate.h */,
				A551ECD82056B14F0054D1BB /* AppDelegate.m */,
				A551ECDA2056B14F0054D1BB /* ViewController.h */,
				A551ECDB2056B14F0054D1BB /* ViewController.m */,
				A551ECDD2056B14F0054D1BB /* Main.storyboard */,
				A551ECE02056B14F0054D1BB /* Assets.xcassets */,
				A551ECE22056B14F0054D1BB /* LaunchScreen.storyboard */,
				A551ECE52056B14F0054D1BB /* Info.plist */,
				A551ECE62056B14F0054D1BB /* main.m */,
			);
			path = B_Category;
			sourceTree = "<group>";
		};
		A551ECED2056B2210054D1BB /* B_Category */ = {
			isa = PBXGroup;
			children = (
				A55D6B5F2056B9C30095B542 /* CTMediator+B.h */,
				A55D6B602056B9C30095B542 /* CTMediator+B.m */,
			);
			path = B_Category;
			sourceTree = "<group>";
		};
/* End PBXGroup section */

/* Begin PBXNativeTarget section */
		A551ECD32056B14F0054D1BB /* B_Category */ = {
			isa = PBXNativeTarget;
			buildConfigurationList = A551ECEA2056B14F0054D1BB /* Build configuration list for PBXNativeTarget "B_Category" */;
			buildPhases = (
				B92A26FB152DFA0F576C032A /* [CP] Check Pods Manifest.lock */,
				A551ECD02056B14F0054D1BB /* Sources */,
				A551ECD12056B14F0054D1BB /* Frameworks */,
				A551ECD22056B14F0054D1BB /* Resources */,
				E15AC5DAC8B64D9B13E7E4F8 /* [CP] Embed Pods Frameworks */,
				4035C9790D1E2A1E71019D3E /* [CP] Copy Pods Resources */,
			);
			buildRules = (
			);
			dependencies = (
			);
			name = B_Category;
			productName = B_Category;
			productReference = A551ECD42056B14F0054D1BB /* B_Category.app */;
			productType = "com.apple.product-type.application";
		};
/* End PBXNativeTarget section */

/* Begin PBXProject section */
		A551ECCC2056B14F0054D1BB /* Project object */ = {
			isa = PBXProject;
			attributes = {
				LastUpgradeCheck = 0920;
				ORGANIZATIONNAME = linbing;
				TargetAttributes = {
					A551ECD32056B14F0054D1BB = {
						CreatedOnToolsVersion = 9.2;
						ProvisioningStyle = Automatic;
					};
				};
			};
			buildConfigurationList = A551ECCF2056B14F0054D1BB /* Build configuration list for PBXProject "B_Category" */;
			compatibilityVersion = "Xcode 8.0";
			developmentRegion = en;
			hasScannedForEncodings = 0;
			knownRegions = (
				en,
				Base,
			);
			mainGroup = A551ECCB2056B14F0054D1BB;
			productRefGroup = A551ECD52056B14F0054D1BB /* Products */;
			projectDirPath = "";
			projectRoot = "";
			targets = (
				A551ECD32056B14F0054D1BB /* B_Category */,
			);
		};
/* End PBXProject section */

/* Begin PBXResourcesBuildPhase section */
		A551ECD22056B14F0054D1BB /* Resources */ = {
			isa = PBXResourcesBuildPhase;
			buildActionMask = 2147483647;
			files = (
				A551ECE42056B14F0054D1BB /* LaunchScreen.storyboard in Resources */,
				A551ECE12056B14F0054D1BB /* Assets.xcassets in Resources */,
				A551ECDF2056B14F0054D1BB /* Main.storyboard in Resources */,
			);
			runOnlyForDeploymentPostprocessing = 0;
		};
/* End PBXResourcesBuildPhase section */

/* Begin PBXShellScriptBuildPhase section */
		4035C9790D1E2A1E71019D3E /* [CP] Copy Pods Resources */ = {
			isa = PBXShellScriptBuildPhase;
			buildActionMask = 2147483647;
			files = (
			);
			inputPaths = (
			);
			name = "[CP] Copy Pods Resources";
			outputPaths = (
			);
			runOnlyForDeploymentPostprocessing = 0;
			shellPath = /bin/sh;
			shellScript = "\"${SRCROOT}/Pods/Target Support Files/Pods-B_Category/Pods-B_Category-resources.sh\"\n";
			showEnvVarsInLog = 0;
		};
		B92A26FB152DFA0F576C032A /* [CP] Check Pods Manifest.lock */ = {
			isa = PBXShellScriptBuildPhase;
			buildActionMask = 2147483647;
			files = (
			);
			inputPaths = (
				"${PODS_PODFILE_DIR_PATH}/Podfile.lock",
				"${PODS_ROOT}/Manifest.lock",
			);
			name = "[CP] Check Pods Manifest.lock";
			outputPaths = (
				"$(DERIVED_FILE_DIR)/Pods-B_Category-checkManifestLockResult.txt",
			);
			runOnlyForDeploymentPostprocessing = 0;
			shellPath = /bin/sh;
			shellScript = "diff \"${PODS_PODFILE_DIR_PATH}/Podfile.lock\" \"${PODS_ROOT}/Manifest.lock\" > /dev/null\nif [ $? != 0 ] ; then\n    # print error to STDERR\n    echo \"error: The sandbox is not in sync with the Podfile.lock. Run 'pod install' or update your CocoaPods installation.\" >&2\n    exit 1\nfi\n# This output is used by Xcode 'outputs' to avoid re-running this script phase.\necho \"SUCCESS\" > \"${SCRIPT_OUTPUT_FILE_0}\"\n";
			showEnvVarsInLog = 0;
		};
		E15AC5DAC8B64D9B13E7E4F8 /* [CP] Embed Pods Frameworks */ = {
			isa = PBXShellScriptBuildPhase;
			buildActionMask = 2147483647;
			files = (
			);
			inputPaths = (
			);
			name = "[CP] Embed Pods Frameworks";
			outputPaths = (
			);
			runOnlyForDeploymentPostprocessing = 0;
			shellPath = /bin/sh;
			shellScript = "\"${SRCROOT}/Pods/Target Support Files/Pods-B_Category/Pods-B_Category-frameworks.sh\"\n";
			showEnvVarsInLog = 0;
		};
/* End PBXShellScriptBuildPhase section */

/* Begin PBXSourcesBuildPhase section */
		A551ECD02056B14F0054D1BB /* Sources */ = {
			isa = PBXSourcesBuildPhase;
			buildActionMask = 2147483647;
			files = (
				A551ECDC2056B14F0054D1BB /* ViewController.m in Sources */,
				A551ECE72056B14F0054D1BB /* main.m in Sources */,
				A55D6B612056B9C30095B542 /* CTMediator+B.m in Sources */,
				A551ECD92056B14F0054D1BB /* AppDelegate.m in Sources */,
			);
			runOnlyForDeploymentPostprocessing = 0;
		};
/* End PBXSourcesBuildPhase section */

/* Begin PBXVariantGroup section */
		A551ECDD2056B14F0054D1BB /* Main.storyboard */ = {
			isa = PBXVariantGroup;
			children = (
				A551ECDE2056B14F0054D1BB /* Base */,
			);
			name = Main.storyboard;
			sourceTree = "<group>";
		};
		A551ECE22056B14F0054D1BB /* LaunchScreen.storyboard */ = {
			isa = PBXVariantGroup;
			children = (
				A551ECE32056B14F0054D1BB /* Base */,
			);
			name = LaunchScreen.storyboard;
			sourceTree = "<group>";
		};
/* End PBXVariantGroup section */

/* Begin XCBuildConfiguration section */
		A551ECE82056B14F0054D1BB /* Debug */ = {
			isa = XCBuildConfiguration;
			buildSettings = {
				ALWAYS_SEARCH_USER_PATHS = NO;
				CLANG_ANALYZER_NONNULL = YES;
				CLANG_ANALYZER_NUMBER_OBJECT_CONVERSION = YES_AGGRESSIVE;
				CLANG_CXX_LANGUAGE_STANDARD = "gnu++14";
				CLANG_CXX_LIBRARY = "libc++";
				CLANG_ENABLE_MODULES = YES;
				CLANG_ENABLE_OBJC_ARC = YES;
				CLANG_WARN_BLOCK_CAPTURE_AUTORELEASING = YES;
				CLANG_WARN_BOOL_CONVERSION = YES;
				CLANG_WARN_COMMA = YES;
				CLANG_WARN_CONSTANT_CONVERSION = YES;
				CLANG_WARN_DIRECT_OBJC_ISA_USAGE = YES_ERROR;
				CLANG_WARN_DOCUMENTATION_COMMENTS = YES;
				CLANG_WARN_EMPTY_BODY = YES;
				CLANG_WARN_ENUM_CONVERSION = YES;
				CLANG_WARN_INFINITE_RECURSION = YES;
				CLANG_WARN_INT_CONVERSION = YES;
				CLANG_WARN_NON_LITERAL_NULL_CONVERSION = YES;
				CLANG_WARN_OBJC_LITERAL_CONVERSION = YES;
				CLANG_WARN_OBJC_ROOT_CLASS = YES_ERROR;
				CLANG_WARN_RANGE_LOOP_ANALYSIS = YES;
				CLANG_WARN_STRICT_PROTOTYPES = YES;
				CLANG_WARN_SUSPICIOUS_MOVE = YES;
				CLANG_WARN_UNGUARDED_AVAILABILITY = YES_AGGRESSIVE;
				CLANG_WARN_UNREACHABLE_CODE = YES;
				CLANG_WARN__DUPLICATE_METHOD_MATCH = YES;
				CODE_SIGN_IDENTITY = "iPhone Developer";
				COPY_PHASE_STRIP = NO;
				DEBUG_INFORMATION_FORMAT = dwarf;
				ENABLE_STRICT_OBJC_MSGSEND = YES;
				ENABLE_TESTABILITY = YES;
				GCC_C_LANGUAGE_STANDARD = gnu11;
				GCC_DYNAMIC_NO_PIC = NO;
				GCC_NO_COMMON_BLOCKS = YES;
				GCC_OPTIMIZATION_LEVEL = 0;
				GCC_PREPROCESSOR_DEFINITIONS = (
					"DEBUG=1",
					"$(inherited)",
				);
				GCC_WARN_64_TO_32_BIT_CONVERSION = YES;
				GCC_WARN_ABOUT_RETURN_TYPE = YES_ERROR;
				GCC_WARN_UNDECLARED_SELECTOR = YES;
				GCC_WARN_UNINITIALIZED_AUTOS = YES_AGGRESSIVE;
				GCC_WARN_UNUSED_FUNCTION = YES;
				GCC_WARN_UNUSED_VARIABLE = YES;
				IPHONEOS_DEPLOYMENT_TARGET = 11.2;
				MTL_ENABLE_DEBUG_INFO = YES;
				ONLY_ACTIVE_ARCH = YES;
				SDKROOT = iphoneos;
			};
			name = Debug;
		};
		A551ECE92056B14F0054D1BB /* Release */ = {
			isa = XCBuildConfiguration;
			buildSettings = {
				ALWAYS_SEARCH_USER_PATHS = NO;
				CLANG_ANALYZER_NONNULL = YES;
				CLANG_ANALYZER_NUMBER_OBJECT_CONVERSION = YES_AGGRESSIVE;
				CLANG_CXX_LANGUAGE_STANDARD = "gnu++14";
				CLANG_CXX_LIBRARY = "libc++";
				CLANG_ENABLE_MODULES = YES;
				CLANG_ENABLE_OBJC_ARC = YES;
				CLANG_WARN_BLOCK_CAPTURE_AUTORELEASING = YES;
				CLANG_WARN_BOOL_CONVERSION = YES;
				CLANG_WARN_COMMA = YES;
				CLANG_WARN_CONSTANT_CONVERSION = YES;
				CLANG_WARN_DIRECT_OBJC_ISA_USAGE = YES_ERROR;
				CLANG_WARN_DOCUMENTATION_COMMENTS = YES;
				CLANG_WARN_EMPTY_BODY = YES;
				CLANG_WARN_ENUM_CONVERSION = YES;
				CLANG_WARN_INFINITE_RECURSION = YES;
				CLANG_WARN_INT_CONVERSION = YES;
				CLANG_WARN_NON_LITERAL_NULL_CONVERSION = YES;
				CLANG_WARN_OBJC_LITERAL_CONVERSION = YES;
				CLANG_WARN_OBJC_ROOT_CLASS = YES_ERROR;
				CLANG_WARN_RANGE_LOOP_ANALYSIS = YES;
				CLANG_WARN_STRICT_PROTOTYPES = YES;
				CLANG_WARN_SUSPICIOUS_MOVE = YES;
				CLANG_WARN_UNGUARDED_AVAILABILITY = YES_AGGRESSIVE;
				CLANG_WARN_UNREACHABLE_CODE = YES;
				CLANG_WARN__DUPLICATE_METHOD_MATCH = YES;
				CODE_SIGN_IDENTITY = "iPhone Developer";
				COPY_PHASE_STRIP = NO;
				DEBUG_INFORMATION_FORMAT = "dwarf-with-dsym";
				ENABLE_NS_ASSERTIONS = NO;
				ENABLE_STRICT_OBJC_MSGSEND = YES;
				GCC_C_LANGUAGE_STANDARD = gnu11;
				GCC_NO_COMMON_BLOCKS = YES;
				GCC_WARN_64_TO_32_BIT_CONVERSION = YES;
				GCC_WARN_ABOUT_RETURN_TYPE = YES_ERROR;
				GCC_WARN_UNDECLARED_SELECTOR = YES;
				GCC_WARN_UNINITIALIZED_AUTOS = YES_AGGRESSIVE;
				GCC_WARN_UNUSED_FUNCTION = YES;
				GCC_WARN_UNUSED_VARIABLE = YES;
				IPHONEOS_DEPLOYMENT_TARGET = 11.2;
				MTL_ENABLE_DEBUG_INFO = NO;
				SDKROOT = iphoneos;
				VALIDATE_PRODUCT = YES;
			};
			name = Release;
		};
		A551ECEB2056B14F0054D1BB /* Debug */ = {
			isa = XCBuildConfiguration;
			baseConfigurationReference = AF21A7AE0EDBD58B1D125A6D /* Pods-B_Category.debug.xcconfig */;
			buildSettings = {
				ASSETCATALOG_COMPILER_APPICON_NAME = AppIcon;
				CODE_SIGN_STYLE = Automatic;
				DEVELOPMENT_TEAM = RX264TM5K8;
				INFOPLIST_FILE = B_Category/Info.plist;
				LD_RUNPATH_SEARCH_PATHS = "$(inherited) @executable_path/Frameworks";
				PRODUCT_BUNDLE_IDENTIFIER = "com.linbing.B-Category";
				PRODUCT_NAME = "$(TARGET_NAME)";
				TARGETED_DEVICE_FAMILY = "1,2";
			};
			name = Debug;
		};
		A551ECEC2056B14F0054D1BB /* Release */ = {
			isa = XCBuildConfiguration;
			baseConfigurationReference = 0B1B4F28AFCC602A3526613C /* Pods-B_Category.release.xcconfig */;
			buildSettings = {
				ASSETCATALOG_COMPILER_APPICON_NAME = AppIcon;
				CODE_SIGN_STYLE = Automatic;
				DEVELOPMENT_TEAM = RX264TM5K8;
				INFOPLIST_FILE = B_Category/Info.plist;
				LD_RUNPATH_SEARCH_PATHS = "$(inherited) @executable_path/Frameworks";
				PRODUCT_BUNDLE_IDENTIFIER = "com.linbing.B-Category";
				PRODUCT_NAME = "$(TARGET_NAME)";
				TARGETED_DEVICE_FAMILY = "1,2";
			};
			name = Release;
		};
/* End XCBuildConfiguration section */

/* Begin XCConfigurationList section */
		A551ECCF2056B14F0054D1BB /* Build configuration list for PBXProject "B_Category" */ = {
			isa = XCConfigurationList;
			buildConfigurations = (
				A551ECE82056B14F0054D1BB /* Debug */,
				A551ECE92056B14F0054D1BB /* Release */,
			);
			defaultConfigurationIsVisible = 0;
			defaultConfigurationName = Release;
		};
		A551ECEA2056B14F0054D1BB /* Build configuration list for PBXNativeTarget "B_Category" */ = {
			isa = XCConfigurationList;
			buildConfigurations = (
				A551ECEB2056B14F0054D1BB /* Debug */,
				A551ECEC2056B14F0054D1BB /* Release */,
			);
			defaultConfigurationIsVisible = 0;
			defaultConfigurationName = Release;
		};
/* End XCConfigurationList section */
	};
	rootObject = A551ECCC2056B14F0054D1BB /* Project object */;
}
